
Microsoft Visual Studio Solution File, Format Version 12.00
# Visual Studio Version 17
VisualStudioVersion = 17.11.35312.102
MinimumVisualStudioVersion = 10.0.40219.1
Project("{FAE04EC0-301F-11D3-BF4B-00C04F79EFBC}") = "AsciiEncoding", "AsciiEncoding\AsciiEncoding.csproj", "{6EE4A54D-D8AD-4032-A018-7B14C3118268}"
EndProject
Global
	GlobalSection(SolutionConfigurationPlatforms) = preSolution
		Debug|Any CPU = Debug|Any CPU
		Release|Any CPU = Release|Any CPU
	EndGlobalSection
	GlobalSection(ProjectConfigurationPlatforms) = postSolution
		{6EE4A54D-D8AD-4032-A018-7B14C3118268}.Debug|Any CPU.ActiveCfg = Debug|Any CPU
		{6EE4A54D-D8AD-4032-A018-7B14C3118268}.Debug|Any CPU.Build.0 = Debug|Any CPU
		{6EE4A54D-D8AD-4032-A018-7B14C3118268}.Release|Any CPU.ActiveCfg = Release|Any CPU
		{6EE4A54D-D8AD-4032-A018-7B14C3118268}.Release|Any CPU.Build.0 = Release|Any CPU
	EndGlobalSection
	GlobalSection(SolutionProperties) = preSolution
		HideSolutionNode = FALSE
	EndGlobalSection
	GlobalSection(ExtensibilityGlobals) = postSolution
		SolutionGuid = {D4E31E9D-3147-4963-98EC-1FE9D4F369CD}
	EndGlobalSection
EndGlobal
